
Microsoft Visual Studio Solution File, Format Version 12.00
# Visual Studio 15
VisualStudioVersion = 15.0.28307.106
MinimumVisualStudioVersion = 10.0.40219.1
Project("{FAE04EC0-301F-11D3-BF4B-00C04F79EFBC}") = "AspNet.Identity.MySQL", "AspNet.Identity.MySQL.csproj", "{26F6ECF9-4369-417B-8CF2-54FA92DF3660}"
EndProject
Project("{FAE04EC0-301F-11D3-BF4B-00C04F79EFBC}") = "IdentityMySQLDemo", "IdentityMySQLDemo\IdentityMySQLDemo.csproj", "{48D5C5BA-B4E3-49AA-966D-2DF075961B71}"
EndProject
Global
	GlobalSection(SolutionConfigurationPlatforms) = preSolution
		Debug|Any CPU = Debug|Any CPU
		Release|Any CPU = Release|Any CPU
	EndGlobalSection
	GlobalSection(ProjectConfigurationPlatforms) = postSolution
		{26F6ECF9-4369-417B-8CF2-54FA92DF3660}.Debug|Any CPU.ActiveCfg = Debug|Any CPU
		{26F6ECF9-4369-417B-8CF2-54FA92DF3660}.Debug|Any CPU.Build.0 = Debug|Any CPU
		{26F6ECF9-4369-417B-8CF2-54FA92DF3660}.Release|Any CPU.ActiveCfg = Release|Any CPU
		{26F6ECF9-4369-417B-8CF2-54FA92DF3660}.Release|Any CPU.Build.0 = Release|Any CPU
		{48D5C5BA-B4E3-49AA-966D-2DF075961B71}.Debug|Any CPU.ActiveCfg = Debug|Any CPU
		{48D5C5BA-B4E3-49AA-966D-2DF075961B71}.Debug|Any CPU.Build.0 = Debug|Any CPU
		{48D5C5BA-B4E3-49AA-966D-2DF075961B71}.Release|Any CPU.ActiveCfg = Release|Any CPU
		{48D5C5BA-B4E3-49AA-966D-2DF075961B71}.Release|Any CPU.Build.0 = Release|Any CPU
	EndGlobalSection
	GlobalSection(SolutionProperties) = preSolution
		HideSolutionNode = FALSE
	EndGlobalSection
	GlobalSection(ExtensibilityGlobals) = postSolution
		SolutionGuid = {82E41DE5-D18E-4CDD-ADAD-4BB718B43C4D}
	EndGlobalSection
EndGlobal
